
Microsoft Visual Studio Solution File, Format Version 12.00
# Visual Studio Version 16
VisualStudioVersion = 16.0.31019.35
MinimumVisualStudioVersion = 10.0.40219.1
Project("{2150E333-8FDC-42A3-9474-1A3956D46DE8}") = "Avalonia.Controls", "Avalonia.Controls", "{736AFC18-0DD8-4577-8066-A26322E85F8D}"
EndProject
Project("{9A19103F-16F7-4668-BE54-9A1E7A4F7556}") = "Avalonia.Extensions.Demo", "Avalonia.Extensions.Demo\Avalonia.Extensions.Demo.csproj", "{E398D33B-003A-4B1E-9C15-2392697A2ACD}"
EndProject
Project("{2150E333-8FDC-42A3-9474-1A3956D46DE8}") = "Solution Items", "Solution Items", "{28A7A1E6-B47C-4241-8227-645D8D769F23}"
	ProjectSection(SolutionItems) = preProject
		.editorconfig = .editorconfig
		readme.md = readme.md
	EndProjectSection
EndProject
Project("{9A19103F-16F7-4668-BE54-9A1E7A4F7556}") = "Avalonia.Extensions.Controls", "Avalonia.Extensions.Controls\Avalonia.Extensions.Controls.csproj", "{C6F08B78-C20E-4BDA-89D8-55D392A86208}"
EndProject
Project("{9A19103F-16F7-4668-BE54-9A1E7A4F7556}") = "Avalonia.Extensions.Chinese", "Avalonia.Extensions.Chinese\Avalonia.Extensions.Chinese.csproj", "{A66F5B77-7F56-4AB1-B2DE-D2EC004C6F25}"
EndProject
Global
	GlobalSection(SolutionConfigurationPlatforms) = preSolution
		Debug|Any CPU = Debug|Any CPU
		Release|Any CPU = Release|Any CPU
	EndGlobalSection
	GlobalSection(ProjectConfigurationPlatforms) = postSolution
		{E398D33B-003A-4B1E-9C15-2392697A2ACD}.Debug|Any CPU.ActiveCfg = Debug|Any CPU
		{E398D33B-003A-4B1E-9C15-2392697A2ACD}.Debug|Any CPU.Build.0 = Debug|Any CPU
		{E398D33B-003A-4B1E-9C15-2392697A2ACD}.Release|Any CPU.ActiveCfg = Release|Any CPU
		{E398D33B-003A-4B1E-9C15-2392697A2ACD}.Release|Any CPU.Build.0 = Release|Any CPU
		{C6F08B78-C20E-4BDA-89D8-55D392A86208}.Debug|Any CPU.ActiveCfg = Debug|Any CPU
		{C6F08B78-C20E-4BDA-89D8-55D392A86208}.Debug|Any CPU.Build.0 = Debug|Any CPU
		{C6F08B78-C20E-4BDA-89D8-55D392A86208}.Release|Any CPU.ActiveCfg = Release|Any CPU
		{C6F08B78-C20E-4BDA-89D8-55D392A86208}.Release|Any CPU.Build.0 = Release|Any CPU
		{A66F5B77-7F56-4AB1-B2DE-D2EC004C6F25}.Debug|Any CPU.ActiveCfg = Debug|Any CPU
		{A66F5B77-7F56-4AB1-B2DE-D2EC004C6F25}.Debug|Any CPU.Build.0 = Debug|Any CPU
		{A66F5B77-7F56-4AB1-B2DE-D2EC004C6F25}.Release|Any CPU.ActiveCfg = Release|Any CPU
		{A66F5B77-7F56-4AB1-B2DE-D2EC004C6F25}.Release|Any CPU.Build.0 = Release|Any CPU
	EndGlobalSection
	GlobalSection(SolutionProperties) = preSolution
		HideSolutionNode = FALSE
	EndGlobalSection
	GlobalSection(NestedProjects) = preSolution
		{E398D33B-003A-4B1E-9C15-2392697A2ACD} = {736AFC18-0DD8-4577-8066-A26322E85F8D}
		{C6F08B78-C20E-4BDA-89D8-55D392A86208} = {736AFC18-0DD8-4577-8066-A26322E85F8D}
		{A66F5B77-7F56-4AB1-B2DE-D2EC004C6F25} = {736AFC18-0DD8-4577-8066-A26322E85F8D}
	EndGlobalSection
	GlobalSection(ExtensibilityGlobals) = postSolution
		SolutionGuid = {82A8C38D-510B-4067-BAB9-FA581B3F79C7}
	EndGlobalSection
EndGlobal
