
Microsoft Visual Studio Solution File, Format Version 12.00
# Visual Studio Version 17
VisualStudioVersion = 17.0.31919.166
MinimumVisualStudioVersion = 10.0.40219.1
Project("{2150E333-8FDC-42A3-9474-1A3956D46DE8}") = "Controls", "Controls", "{736AFC18-0DD8-4577-8066-A26322E85F8D}"
EndProject
Project("{2150E333-8FDC-42A3-9474-1A3956D46DE8}") = "Solution Items", "Solution Items", "{28A7A1E6-B47C-4241-8227-645D8D769F23}"
	ProjectSection(SolutionItems) = preProject
		.editorconfig = .editorconfig
		readme.md = readme.md
	EndProjectSection
EndProject
Project("{9A19103F-16F7-4668-BE54-9A1E7A4F7556}") = "Avalonia.Extensions.Controls", "Controls\Avalonia.Extensions.Controls\Avalonia.Extensions.Controls.csproj", "{C6F08B78-C20E-4BDA-89D8-55D392A86208}"
EndProject
Project("{9A19103F-16F7-4668-BE54-9A1E7A4F7556}") = "Avalonia.Extensions.Chinese", "Controls\Avalonia.Extensions.Chinese\Avalonia.Extensions.Chinese.csproj", "{A66F5B77-7F56-4AB1-B2DE-D2EC004C6F25}"
EndProject
Project("{2150E333-8FDC-42A3-9474-1A3956D46DE8}") = "Danmaku", "Danmaku", "{60373426-CE2D-4E22-A406-FFA8F8FE137F}"
EndProject
Project("{9A19103F-16F7-4668-BE54-9A1E7A4F7556}") = "Avalonia.Extensions.Danmaku", "Danmakus\Avalonia.Extensions.Danmaku\Avalonia.Extensions.Danmaku.csproj", "{9067A692-3D96-4019-9E4D-31F3FD29E828}"
EndProject
Project("{9A19103F-16F7-4668-BE54-9A1E7A4F7556}") = "Avalonia.Extensions.Media", "Controls\Avalonia.Extensions.Media\Avalonia.Extensions.Media.csproj", "{FA54EE3C-07E6-4B18-8031-8B95842FDA8B}"
EndProject
Project("{2150E333-8FDC-42A3-9474-1A3956D46DE8}") = "WebView", "WebView", "{528356C1-0DA1-4E0A-A93D-4D05159A819F}"
EndProject
Project("{9A19103F-16F7-4668-BE54-9A1E7A4F7556}") = "Avalonia.Extensions.WebView", "WebViews\Avalonia.Extensions.WebView\Avalonia.Extensions.WebView.csproj", "{B15231C5-8CE6-4B45-A8A2-BD8C3582353D}"
EndProject
Project("{2150E333-8FDC-42A3-9474-1A3956D46DE8}") = "Libraries", "Libraries", "{A6315C95-852B-4EF9-AFB9-2BAE738D4B84}"
EndProject
Project("{2150E333-8FDC-42A3-9474-1A3956D46DE8}") = "Bass", "Bass", "{D70046E1-3D59-4B84-A534-C974E8361A41}"
EndProject
Project("{2150E333-8FDC-42A3-9474-1A3956D46DE8}") = "Windows", "Windows", "{50FEAC17-86A9-4F93-94FE-988D4F65CDB7}"
	ProjectSection(SolutionItems) = preProject
		Libraries\Bass\Bass.Windows\Dove.Bass.Windows.nuspec = Libraries\Bass\Bass.Windows\Dove.Bass.Windows.nuspec
		Libraries\Bass\Bass.Windows\build\Dove.Bass.Windows.targets = Libraries\Bass\Bass.Windows\build\Dove.Bass.Windows.targets
	EndProjectSection
EndProject
Project("{2150E333-8FDC-42A3-9474-1A3956D46DE8}") = "Linux", "Linux", "{E2439AA7-226B-41BB-8F86-523705CB0618}"
	ProjectSection(SolutionItems) = preProject
		Libraries\Bass\Bass.Linux\Dove.Bass.Linux.nuspec = Libraries\Bass\Bass.Linux\Dove.Bass.Linux.nuspec
		Libraries\Bass\Bass.Linux\build\Dove.Bass.Linux.targets = Libraries\Bass\Bass.Linux\build\Dove.Bass.Linux.targets
	EndProjectSection
EndProject
Project("{2150E333-8FDC-42A3-9474-1A3956D46DE8}") = "OSX", "OSX", "{FBC2902A-27F2-4CF4-BFD5-66DF7E93737E}"
	ProjectSection(SolutionItems) = preProject
		Libraries\Bass\Bass.OSX\Dove.Bass.OSX.nuspec = Libraries\Bass\Bass.OSX\Dove.Bass.OSX.nuspec
		Libraries\Bass\Bass.OSX\build\Dove.Bass.OSX.targets = Libraries\Bass\Bass.OSX\build\Dove.Bass.OSX.targets
	EndProjectSection
EndProject
Project("{2150E333-8FDC-42A3-9474-1A3956D46DE8}") = "Demos", "Demos", "{9FDD4644-013C-49B6-A0DB-835657CBE235}"
EndProject
Project("{9A19103F-16F7-4668-BE54-9A1E7A4F7556}") = "Avalonia.Chinese.Demo", "Demos\Avalonia.Chinese.Demo\Avalonia.Chinese.Demo.csproj", "{69B9A984-3731-45FA-8FE6-7779F3631F19}"
EndProject
Project("{9A19103F-16F7-4668-BE54-9A1E7A4F7556}") = "Avalonia.Extensions.Demo", "Demos\Avalonia.Extensions.Demo\Avalonia.Extensions.Demo.csproj", "{5D45B88C-C2BB-4CBC-B7C4-1806DBB4D7D0}"
EndProject
Project("{9A19103F-16F7-4668-BE54-9A1E7A4F7556}") = "Avalonia.Danamku.Demo", "Demos\Avalonia.Danmaku.Demo\Avalonia.Danamku.Demo.csproj", "{AC812A9E-C3E9-433D-A145-0F6F9CEE8333}"
EndProject
Global
	GlobalSection(SolutionConfigurationPlatforms) = preSolution
		Debug|Any CPU = Debug|Any CPU
		Release|Any CPU = Release|Any CPU
	EndGlobalSection
	GlobalSection(ProjectConfigurationPlatforms) = postSolution
		{C6F08B78-C20E-4BDA-89D8-55D392A86208}.Debug|Any CPU.ActiveCfg = Debug|Any CPU
		{C6F08B78-C20E-4BDA-89D8-55D392A86208}.Debug|Any CPU.Build.0 = Debug|Any CPU
		{C6F08B78-C20E-4BDA-89D8-55D392A86208}.Release|Any CPU.ActiveCfg = Release|Any CPU
		{C6F08B78-C20E-4BDA-89D8-55D392A86208}.Release|Any CPU.Build.0 = Release|Any CPU
		{A66F5B77-7F56-4AB1-B2DE-D2EC004C6F25}.Debug|Any CPU.ActiveCfg = Debug|Any CPU
		{A66F5B77-7F56-4AB1-B2DE-D2EC004C6F25}.Debug|Any CPU.Build.0 = Debug|Any CPU
		{A66F5B77-7F56-4AB1-B2DE-D2EC004C6F25}.Release|Any CPU.ActiveCfg = Release|Any CPU
		{A66F5B77-7F56-4AB1-B2DE-D2EC004C6F25}.Release|Any CPU.Build.0 = Release|Any CPU
		{9067A692-3D96-4019-9E4D-31F3FD29E828}.Debug|Any CPU.ActiveCfg = Debug|Any CPU
		{9067A692-3D96-4019-9E4D-31F3FD29E828}.Debug|Any CPU.Build.0 = Debug|Any CPU
		{9067A692-3D96-4019-9E4D-31F3FD29E828}.Release|Any CPU.ActiveCfg = Release|Any CPU
		{9067A692-3D96-4019-9E4D-31F3FD29E828}.Release|Any CPU.Build.0 = Release|Any CPU
		{FA54EE3C-07E6-4B18-8031-8B95842FDA8B}.Debug|Any CPU.ActiveCfg = Debug|Any CPU
		{FA54EE3C-07E6-4B18-8031-8B95842FDA8B}.Debug|Any CPU.Build.0 = Debug|Any CPU
		{FA54EE3C-07E6-4B18-8031-8B95842FDA8B}.Release|Any CPU.ActiveCfg = Release|Any CPU
		{FA54EE3C-07E6-4B18-8031-8B95842FDA8B}.Release|Any CPU.Build.0 = Release|Any CPU
		{B15231C5-8CE6-4B45-A8A2-BD8C3582353D}.Debug|Any CPU.ActiveCfg = Debug|Any CPU
		{B15231C5-8CE6-4B45-A8A2-BD8C3582353D}.Debug|Any CPU.Build.0 = Debug|Any CPU
		{B15231C5-8CE6-4B45-A8A2-BD8C3582353D}.Release|Any CPU.ActiveCfg = Release|Any CPU
		{B15231C5-8CE6-4B45-A8A2-BD8C3582353D}.Release|Any CPU.Build.0 = Release|Any CPU
		{69B9A984-3731-45FA-8FE6-7779F3631F19}.Debug|Any CPU.ActiveCfg = Debug|Any CPU
		{69B9A984-3731-45FA-8FE6-7779F3631F19}.Debug|Any CPU.Build.0 = Debug|Any CPU
		{69B9A984-3731-45FA-8FE6-7779F3631F19}.Release|Any CPU.ActiveCfg = Release|Any CPU
		{69B9A984-3731-45FA-8FE6-7779F3631F19}.Release|Any CPU.Build.0 = Release|Any CPU
		{5D45B88C-C2BB-4CBC-B7C4-1806DBB4D7D0}.Debug|Any CPU.ActiveCfg = Debug|Any CPU
		{5D45B88C-C2BB-4CBC-B7C4-1806DBB4D7D0}.Debug|Any CPU.Build.0 = Debug|Any CPU
		{5D45B88C-C2BB-4CBC-B7C4-1806DBB4D7D0}.Release|Any CPU.ActiveCfg = Release|Any CPU
		{5D45B88C-C2BB-4CBC-B7C4-1806DBB4D7D0}.Release|Any CPU.Build.0 = Release|Any CPU
		{AC812A9E-C3E9-433D-A145-0F6F9CEE8333}.Debug|Any CPU.ActiveCfg = Debug|Any CPU
		{AC812A9E-C3E9-433D-A145-0F6F9CEE8333}.Debug|Any CPU.Build.0 = Debug|Any CPU
		{AC812A9E-C3E9-433D-A145-0F6F9CEE8333}.Release|Any CPU.ActiveCfg = Release|Any CPU
		{AC812A9E-C3E9-433D-A145-0F6F9CEE8333}.Release|Any CPU.Build.0 = Release|Any CPU
	EndGlobalSection
	GlobalSection(SolutionProperties) = preSolution
		HideSolutionNode = FALSE
	EndGlobalSection
	GlobalSection(NestedProjects) = preSolution
		{C6F08B78-C20E-4BDA-89D8-55D392A86208} = {736AFC18-0DD8-4577-8066-A26322E85F8D}
		{A66F5B77-7F56-4AB1-B2DE-D2EC004C6F25} = {736AFC18-0DD8-4577-8066-A26322E85F8D}
		{9067A692-3D96-4019-9E4D-31F3FD29E828} = {60373426-CE2D-4E22-A406-FFA8F8FE137F}
		{FA54EE3C-07E6-4B18-8031-8B95842FDA8B} = {736AFC18-0DD8-4577-8066-A26322E85F8D}
		{B15231C5-8CE6-4B45-A8A2-BD8C3582353D} = {528356C1-0DA1-4E0A-A93D-4D05159A819F}
		{A6315C95-852B-4EF9-AFB9-2BAE738D4B84} = {28A7A1E6-B47C-4241-8227-645D8D769F23}
		{D70046E1-3D59-4B84-A534-C974E8361A41} = {A6315C95-852B-4EF9-AFB9-2BAE738D4B84}
		{50FEAC17-86A9-4F93-94FE-988D4F65CDB7} = {D70046E1-3D59-4B84-A534-C974E8361A41}
		{E2439AA7-226B-41BB-8F86-523705CB0618} = {D70046E1-3D59-4B84-A534-C974E8361A41}
		{FBC2902A-27F2-4CF4-BFD5-66DF7E93737E} = {D70046E1-3D59-4B84-A534-C974E8361A41}
		{69B9A984-3731-45FA-8FE6-7779F3631F19} = {9FDD4644-013C-49B6-A0DB-835657CBE235}
		{5D45B88C-C2BB-4CBC-B7C4-1806DBB4D7D0} = {9FDD4644-013C-49B6-A0DB-835657CBE235}
		{AC812A9E-C3E9-433D-A145-0F6F9CEE8333} = {9FDD4644-013C-49B6-A0DB-835657CBE235}
	EndGlobalSection
	GlobalSection(ExtensibilityGlobals) = postSolution
		SolutionGuid = {82A8C38D-510B-4067-BAB9-FA581B3F79C7}
	EndGlobalSection
EndGlobal
